
Microsoft Visual Studio Solution File, Format Version 12.00
# Visual Studio 2012
Project("{FAE04EC0-301F-11D3-BF4B-00C04F79EFBC}") = "School", "School\School.csproj", "{FC17CABB-8AF6-4BED-8995-3F2944F05314}"
EndProject
Project("{FAE04EC0-301F-11D3-BF4B-00C04F79EFBC}") = "HumanStudentWorker", "HumanStudentWorker\HumanStudentWorker.csproj", "{DE01F722-F1ED-4020-AA17-A523255D8F39}"
EndProject
Project("{FAE04EC0-301F-11D3-BF4B-00C04F79EFBC}") = "AnimalsMainClass", "AnimalsMainClass\AnimalsMainClass.csproj", "{3DC23870-8135-42DA-9345-1C83BDFE0416}"
EndProject
Project("{FAE04EC0-301F-11D3-BF4B-00C04F79EFBC}") = "CompanyHierarchy", "CompanyHierarchy\CompanyHierarchy.csproj", "{AC1D4851-CF52-4AEC-B4C4-DE216EEACBC2}"
EndProject
Global
	GlobalSection(SolutionConfigurationPlatforms) = preSolution
		Debug|Any CPU = Debug|Any CPU
		Release|Any CPU = Release|Any CPU
	EndGlobalSection
	GlobalSection(ProjectConfigurationPlatforms) = postSolution
		{FC17CABB-8AF6-4BED-8995-3F2944F05314}.Debug|Any CPU.ActiveCfg = Debug|Any CPU
		{FC17CABB-8AF6-4BED-8995-3F2944F05314}.Debug|Any CPU.Build.0 = Debug|Any CPU
		{FC17CABB-8AF6-4BED-8995-3F2944F05314}.Release|Any CPU.ActiveCfg = Release|Any CPU
		{FC17CABB-8AF6-4BED-8995-3F2944F05314}.Release|Any CPU.Build.0 = Release|Any CPU
		{DE01F722-F1ED-4020-AA17-A523255D8F39}.Debug|Any CPU.ActiveCfg = Debug|Any CPU
		{DE01F722-F1ED-4020-AA17-A523255D8F39}.Debug|Any CPU.Build.0 = Debug|Any CPU
		{DE01F722-F1ED-4020-AA17-A523255D8F39}.Release|Any CPU.ActiveCfg = Release|Any CPU
		{DE01F722-F1ED-4020-AA17-A523255D8F39}.Release|Any CPU.Build.0 = Release|Any CPU
		{3DC23870-8135-42DA-9345-1C83BDFE0416}.Debug|Any CPU.ActiveCfg = Debug|Any CPU
		{3DC23870-8135-42DA-9345-1C83BDFE0416}.Debug|Any CPU.Build.0 = Debug|Any CPU
		{3DC23870-8135-42DA-9345-1C83BDFE0416}.Release|Any CPU.ActiveCfg = Release|Any CPU
		{3DC23870-8135-42DA-9345-1C83BDFE0416}.Release|Any CPU.Build.0 = Release|Any CPU
		{AC1D4851-CF52-4AEC-B4C4-DE216EEACBC2}.Debug|Any CPU.ActiveCfg = Debug|Any CPU
		{AC1D4851-CF52-4AEC-B4C4-DE216EEACBC2}.Debug|Any CPU.Build.0 = Debug|Any CPU
		{AC1D4851-CF52-4AEC-B4C4-DE216EEACBC2}.Release|Any CPU.ActiveCfg = Release|Any CPU
		{AC1D4851-CF52-4AEC-B4C4-DE216EEACBC2}.Release|Any CPU.Build.0 = Release|Any CPU
	EndGlobalSection
	GlobalSection(SolutionProperties) = preSolution
		HideSolutionNode = FALSE
	EndGlobalSection
EndGlobal
