
Microsoft Visual Studio Solution File, Format Version 12.00
# Visual Studio 2012
Project("{FAE04EC0-301F-11D3-BF4B-00C04F79EFBC}") = "1.SquareRoot", "1.SquareRoot\1.SquareRoot.csproj", "{369734BE-0695-4E8C-B830-DEF72E1265DA}"
EndProject
Project("{FAE04EC0-301F-11D3-BF4B-00C04F79EFBC}") = "2.EnterNumbers", "2.EnterNumbers\2.EnterNumbers.csproj", "{C7717A79-6F90-42CA-AF7F-DE6D44441A96}"
EndProject
Global
	GlobalSection(SolutionConfigurationPlatforms) = preSolution
		Debug|Any CPU = Debug|Any CPU
		Release|Any CPU = Release|Any CPU
	EndGlobalSection
	GlobalSection(ProjectConfigurationPlatforms) = postSolution
		{369734BE-0695-4E8C-B830-DEF72E1265DA}.Debug|Any CPU.ActiveCfg = Debug|Any CPU
		{369734BE-0695-4E8C-B830-DEF72E1265DA}.Debug|Any CPU.Build.0 = Debug|Any CPU
		{369734BE-0695-4E8C-B830-DEF72E1265DA}.Release|Any CPU.ActiveCfg = Release|Any CPU
		{369734BE-0695-4E8C-B830-DEF72E1265DA}.Release|Any CPU.Build.0 = Release|Any CPU
		{C7717A79-6F90-42CA-AF7F-DE6D44441A96}.Debug|Any CPU.ActiveCfg = Debug|Any CPU
		{C7717A79-6F90-42CA-AF7F-DE6D44441A96}.Debug|Any CPU.Build.0 = Debug|Any CPU
		{C7717A79-6F90-42CA-AF7F-DE6D44441A96}.Release|Any CPU.ActiveCfg = Release|Any CPU
		{C7717A79-6F90-42CA-AF7F-DE6D44441A96}.Release|Any CPU.Build.0 = Release|Any CPU
	EndGlobalSection
	GlobalSection(SolutionProperties) = preSolution
		HideSolutionNode = FALSE
	EndGlobalSection
EndGlobal
