
Microsoft Visual Studio Solution File, Format Version 12.00
# Visual Studio 2012
Project("{FAE04EC0-301F-11D3-BF4B-00C04F79EFBC}") = "Customer", "Customer\Customer.csproj", "{F2BB93C8-8A38-4D9C-BD12-54497832E27B}"
EndProject
Project("{FAE04EC0-301F-11D3-BF4B-00C04F79EFBC}") = "StringDisperser", "StringDisperser\StringDisperser.csproj", "{ED9F1CC0-2A42-48C9-B4A9-CBD8B3B188B9}"
EndProject
Global
	GlobalSection(SolutionConfigurationPlatforms) = preSolution
		Debug|Any CPU = Debug|Any CPU
		Release|Any CPU = Release|Any CPU
	EndGlobalSection
	GlobalSection(ProjectConfigurationPlatforms) = postSolution
		{F2BB93C8-8A38-4D9C-BD12-54497832E27B}.Debug|Any CPU.ActiveCfg = Debug|Any CPU
		{F2BB93C8-8A38-4D9C-BD12-54497832E27B}.Debug|Any CPU.Build.0 = Debug|Any CPU
		{F2BB93C8-8A38-4D9C-BD12-54497832E27B}.Release|Any CPU.ActiveCfg = Release|Any CPU
		{F2BB93C8-8A38-4D9C-BD12-54497832E27B}.Release|Any CPU.Build.0 = Release|Any CPU
		{ED9F1CC0-2A42-48C9-B4A9-CBD8B3B188B9}.Debug|Any CPU.ActiveCfg = Debug|Any CPU
		{ED9F1CC0-2A42-48C9-B4A9-CBD8B3B188B9}.Debug|Any CPU.Build.0 = Debug|Any CPU
		{ED9F1CC0-2A42-48C9-B4A9-CBD8B3B188B9}.Release|Any CPU.ActiveCfg = Release|Any CPU
		{ED9F1CC0-2A42-48C9-B4A9-CBD8B3B188B9}.Release|Any CPU.Build.0 = Release|Any CPU
	EndGlobalSection
	GlobalSection(SolutionProperties) = preSolution
		HideSolutionNode = FALSE
	EndGlobalSection
EndGlobal
