
Microsoft Visual Studio Solution File, Format Version 12.00
# Visual Studio 2012
Project("{FAE04EC0-301F-11D3-BF4B-00C04F79EFBC}") = "InterestCalculator", "InterestCalculator\InterestCalculator.csproj", "{D5164455-DC1F-4280-93B5-A929D265D3D8}"
EndProject
Project("{FAE04EC0-301F-11D3-BF4B-00C04F79EFBC}") = "AsynchronousTimer", "AsynchronousTimer\AsynchronousTimer.csproj", "{5FC43994-F445-4B93-813C-B4EA98D13027}"
EndProject
Global
	GlobalSection(SolutionConfigurationPlatforms) = preSolution
		Debug|Any CPU = Debug|Any CPU
		Release|Any CPU = Release|Any CPU
	EndGlobalSection
	GlobalSection(ProjectConfigurationPlatforms) = postSolution
		{D5164455-DC1F-4280-93B5-A929D265D3D8}.Debug|Any CPU.ActiveCfg = Debug|Any CPU
		{D5164455-DC1F-4280-93B5-A929D265D3D8}.Debug|Any CPU.Build.0 = Debug|Any CPU
		{D5164455-DC1F-4280-93B5-A929D265D3D8}.Release|Any CPU.ActiveCfg = Release|Any CPU
		{D5164455-DC1F-4280-93B5-A929D265D3D8}.Release|Any CPU.Build.0 = Release|Any CPU
		{5FC43994-F445-4B93-813C-B4EA98D13027}.Debug|Any CPU.ActiveCfg = Debug|Any CPU
		{5FC43994-F445-4B93-813C-B4EA98D13027}.Debug|Any CPU.Build.0 = Debug|Any CPU
		{5FC43994-F445-4B93-813C-B4EA98D13027}.Release|Any CPU.ActiveCfg = Release|Any CPU
		{5FC43994-F445-4B93-813C-B4EA98D13027}.Release|Any CPU.Build.0 = Release|Any CPU
	EndGlobalSection
	GlobalSection(SolutionProperties) = preSolution
		HideSolutionNode = FALSE
	EndGlobalSection
EndGlobal
